{
  "originHash" : "58e9aaffbd1342a61def2dd5f43c60331c24ccf9a5d7e2ab951d5e197978caab",
  "pins" : [
    {
      "identity" : "screenshield",
      "kind" : "remoteSourceControl",
      "location" : "https://github.com/JayantBadlani/ScreenShield",
      "state" : {
        "revision" : "9586e6a305426398250e0bdc19cbd463437f1af1",
        "version" : "1.2.2"
      }
    }
  ],
  "version" : 3
}
